// !$*UTF8*$!
{
	archiveVersion = 1;
	classes = {
	};
	objectVersion = 56;
	objects = {

/* Begin PBXBuildFile section */
		BD04ECE12A074E46007A207A /* SignInManager.swift in Sources */ = {isa = PBXBuildFile; fileRef = BD04ECE02A074E46007A207A /* SignInManager.swift */; };
		BD1B82632A05F427009D4FDD /* SignInView.swift in Sources */ = {isa = PBXBuildFile; fileRef = BD1B82622A05F427009D4FDD /* SignInView.swift */; };
		BD1B82692A0605CB009D4FDD /* ColorExtension.swift in Sources */ = {isa = PBXBuildFile; fileRef = BD1B82682A0605CB009D4FDD /* ColorExtension.swift */; };
		BD1B826B2A061609009D4FDD /* SignUpView.swift in Sources */ = {isa = PBXBuildFile; fileRef = BD1B826A2A061609009D4FDD /* SignUpView.swift */; };
		BD1B826D2A063C71009D4FDD /* InputField.swift in Sources */ = {isa = PBXBuildFile; fileRef = BD1B826C2A063C71009D4FDD /* InputField.swift */; };
		BD1B82702A0644FD009D4FDD /* ViewExtension.swift in Sources */ = {isa = PBXBuildFile; fileRef = BD1B826F2A0644FD009D4FDD /* ViewExtension.swift */; };
		BD1B82722A0645D0009D4FDD /* SubmitButton.swift in Sources */ = {isa = PBXBuildFile; fileRef = BD1B82712A0645D0009D4FDD /* SubmitButton.swift */; };
		BD1B82762A0647D2009D4FDD /* ResetPasswordView.swift in Sources */ = {isa = PBXBuildFile; fileRef = BD1B82752A0647D2009D4FDD /* ResetPasswordView.swift */; };
		BD1B82782A064FE7009D4FDD /* Requests.swift in Sources */ = {isa = PBXBuildFile; fileRef = BD1B82772A064FE7009D4FDD /* Requests.swift */; };
		BD1B827C2A0650B3009D4FDD /* User.swift in Sources */ = {isa = PBXBuildFile; fileRef = BD1B827B2A0650B3009D4FDD /* User.swift */; };
		BD1B82872A065339009D4FDD /* SignUpManager.swift in Sources */ = {isa = PBXBuildFile; fileRef = BD1B82862A065339009D4FDD /* SignUpManager.swift */; };
		BD1B82892A0656E9009D4FDD /* Authenticator.swift in Sources */ = {isa = PBXBuildFile; fileRef = BD1B82882A0656E9009D4FDD /* Authenticator.swift */; };
		BD1B828B2A065FFA009D4FDD /* Responses.swift in Sources */ = {isa = PBXBuildFile; fileRef = BD1B828A2A065FFA009D4FDD /* Responses.swift */; };
		BDB8B4CC2A055FEA00EA4670 /* SimpleChatApp.swift in Sources */ = {isa = PBXBuildFile; fileRef = BDB8B4CB2A055FEA00EA4670 /* SimpleChatApp.swift */; };
		BDB8B4D02A055FEB00EA4670 /* Assets.xcassets in Resources */ = {isa = PBXBuildFile; fileRef = BDB8B4CF2A055FEB00EA4670 /* Assets.xcassets */; };
		BDB8B4D32A055FEB00EA4670 /* Preview Assets.xcassets in Resources */ = {isa = PBXBuildFile; fileRef = BDB8B4D22A055FEB00EA4670 /* Preview Assets.xcassets */; };
/* End PBXBuildFile section */

/* Begin PBXFileReference section */
		BD04ECE02A074E46007A207A /* SignInManager.swift */ = {isa = PBXFileReference; lastKnownFileType = sourcecode.swift; path = SignInManager.swift; sourceTree = "<group>"; };
		BD1B82622A05F427009D4FDD /* SignInView.swift */ = {isa = PBXFileReference; lastKnownFileType = sourcecode.swift; path = SignInView.swift; sourceTree = "<group>"; };
		BD1B82682A0605CB009D4FDD /* ColorExtension.swift */ = {isa = PBXFileReference; lastKnownFileType = sourcecode.swift; path = ColorExtension.swift; sourceTree = "<group>"; };
		BD1B826A2A061609009D4FDD /* SignUpView.swift */ = {isa = PBXFileReference; lastKnownFileType = sourcecode.swift; path = SignUpView.swift; sourceTree = "<group>"; };
		BD1B826C2A063C71009D4FDD /* InputField.swift */ = {isa = PBXFileReference; lastKnownFileType = sourcecode.swift; path = InputField.swift; sourceTree = "<group>"; };
		BD1B826F2A0644FD009D4FDD /* ViewExtension.swift */ = {isa = PBXFileReference; lastKnownFileType = sourcecode.swift; path = ViewExtension.swift; sourceTree = "<group>"; };
		BD1B82712A0645D0009D4FDD /* SubmitButton.swift */ = {isa = PBXFileReference; lastKnownFileType = sourcecode.swift; path = SubmitButton.swift; sourceTree = "<group>"; };
		BD1B82752A0647D2009D4FDD /* ResetPasswordView.swift */ = {isa = PBXFileReference; lastKnownFileType = sourcecode.swift; path = ResetPasswordView.swift; sourceTree = "<group>"; };
		BD1B82772A064FE7009D4FDD /* Requests.swift */ = {isa = PBXFileReference; lastKnownFileType = sourcecode.swift; path = Requests.swift; sourceTree = "<group>"; };
		BD1B827B2A0650B3009D4FDD /* User.swift */ = {isa = PBXFileReference; lastKnownFileType = sourcecode.swift; path = User.swift; sourceTree = "<group>"; };
		BD1B82862A065339009D4FDD /* SignUpManager.swift */ = {isa = PBXFileReference; lastKnownFileType = sourcecode.swift; path = SignUpManager.swift; sourceTree = "<group>"; };
		BD1B82882A0656E9009D4FDD /* Authenticator.swift */ = {isa = PBXFileReference; lastKnownFileType = sourcecode.swift; path = Authenticator.swift; sourceTree = "<group>"; };
		BD1B828A2A065FFA009D4FDD /* Responses.swift */ = {isa = PBXFileReference; lastKnownFileType = sourcecode.swift; path = Responses.swift; sourceTree = "<group>"; };
		BDB8B4C82A055FEA00EA4670 /* SimpleChat.app */ = {isa = PBXFileReference; explicitFileType = wrapper.application; includeInIndex = 0; path = SimpleChat.app; sourceTree = BUILT_PRODUCTS_DIR; };
		BDB8B4CB2A055FEA00EA4670 /* SimpleChatApp.swift */ = {isa = PBXFileReference; lastKnownFileType = sourcecode.swift; path = SimpleChatApp.swift; sourceTree = "<group>"; };
		BDB8B4CF2A055FEB00EA4670 /* Assets.xcassets */ = {isa = PBXFileReference; lastKnownFileType = folder.assetcatalog; path = Assets.xcassets; sourceTree = "<group>"; };
		BDB8B4D22A055FEB00EA4670 /* Preview Assets.xcassets */ = {isa = PBXFileReference; lastKnownFileType = folder.assetcatalog; path = "Preview Assets.xcassets"; sourceTree = "<group>"; };
/* End PBXFileReference section */

/* Begin PBXFrameworksBuildPhase section */
		BDB8B4C52A055FEA00EA4670 /* Frameworks */ = {
			isa = PBXFrameworksBuildPhase;
			buildActionMask = 2147483647;
			files = (
			);
			runOnlyForDeploymentPostprocessing = 0;
		};
/* End PBXFrameworksBuildPhase section */

/* Begin PBXGroup section */
		BD1B826E2A063C77009D4FDD /* Components */ = {
			isa = PBXGroup;
			children = (
				BD1B826C2A063C71009D4FDD /* InputField.swift */,
				BD1B82712A0645D0009D4FDD /* SubmitButton.swift */,
			);
			path = Components;
			sourceTree = "<group>";
		};
		BD1B82792A065094009D4FDD /* Models */ = {
			isa = PBXGroup;
			children = (
				BD1B827A2A06509C009D4FDD /* Authentication */,
			);
			path = Models;
			sourceTree = "<group>";
		};
		BD1B827A2A06509C009D4FDD /* Authentication */ = {
			isa = PBXGroup;
			children = (
				BD1B827B2A0650B3009D4FDD /* User.swift */,
				BD1B82772A064FE7009D4FDD /* Requests.swift */,
				BD1B828A2A065FFA009D4FDD /* Responses.swift */,
				BD1B82882A0656E9009D4FDD /* Authenticator.swift */,
			);
			path = Authentication;
			sourceTree = "<group>";
		};
		BD1B827D2A065265009D4FDD /* ViewModels */ = {
			isa = PBXGroup;
			children = (
				BD1B82852A06531E009D4FDD /* Authentication */,
			);
			path = ViewModels;
			sourceTree = "<group>";
		};
		BD1B827E2A06527D009D4FDD /* Extensions */ = {
			isa = PBXGroup;
			children = (
				BD1B82682A0605CB009D4FDD /* ColorExtension.swift */,
				BD1B826F2A0644FD009D4FDD /* ViewExtension.swift */,
			);
			path = Extensions;
			sourceTree = "<group>";
		};
		BD1B827F2A06528F009D4FDD /* Views */ = {
			isa = PBXGroup;
			children = (
				BD1B82832A0652EF009D4FDD /* CoreViews */,
				BD1B826E2A063C77009D4FDD /* Components */,
			);
			path = Views;
			sourceTree = "<group>";
		};
		BD1B82822A0652DD009D4FDD /* Authentication */ = {
			isa = PBXGroup;
			children = (
				BD1B82622A05F427009D4FDD /* SignInView.swift */,
				BD1B826A2A061609009D4FDD /* SignUpView.swift */,
				BD1B82752A0647D2009D4FDD /* ResetPasswordView.swift */,
			);
			path = Authentication;
			sourceTree = "<group>";
		};
		BD1B82832A0652EF009D4FDD /* CoreViews */ = {
			isa = PBXGroup;
			children = (
				BD1B82822A0652DD009D4FDD /* Authentication */,
			);
			path = CoreViews;
			sourceTree = "<group>";
		};
		BD1B82852A06531E009D4FDD /* Authentication */ = {
			isa = PBXGroup;
			children = (
				BD1B82862A065339009D4FDD /* SignUpManager.swift */,
				BD04ECE02A074E46007A207A /* SignInManager.swift */,
			);
			path = Authentication;
			sourceTree = "<group>";
		};
		BDB8B4BF2A055FEA00EA4670 = {
			isa = PBXGroup;
			children = (
				BDB8B4CA2A055FEA00EA4670 /* SimpleChat */,
				BDB8B4C92A055FEA00EA4670 /* Products */,
			);
			sourceTree = "<group>";
		};
		BDB8B4C92A055FEA00EA4670 /* Products */ = {
			isa = PBXGroup;
			children = (
				BDB8B4C82A055FEA00EA4670 /* SimpleChat.app */,
			);
			name = Products;
			sourceTree = "<group>";
		};
		BDB8B4CA2A055FEA00EA4670 /* SimpleChat */ = {
			isa = PBXGroup;
			children = (
				BDB8B4CB2A055FEA00EA4670 /* SimpleChatApp.swift */,
				BD1B82792A065094009D4FDD /* Models */,
				BD1B827F2A06528F009D4FDD /* Views */,
				BD1B827D2A065265009D4FDD /* ViewModels */,
				BD1B827E2A06527D009D4FDD /* Extensions */,
				BDB8B4CF2A055FEB00EA4670 /* Assets.xcassets */,
				BDB8B4D12A055FEB00EA4670 /* Preview Content */,
			);
			path = SimpleChat;
			sourceTree = "<group>";
		};
		BDB8B4D12A055FEB00EA4670 /* Preview Content */ = {
			isa = PBXGroup;
			children = (
				BDB8B4D22A055FEB00EA4670 /* Preview Assets.xcassets */,
			);
			path = "Preview Content";
			sourceTree = "<group>";
		};
/* End PBXGroup section */

/* Begin PBXNativeTarget section */
		BDB8B4C72A055FEA00EA4670 /* SimpleChat */ = {
			isa = PBXNativeTarget;
			buildConfigurationList = BDB8B4D62A055FEB00EA4670 /* Build configuration list for PBXNativeTarget "SimpleChat" */;
			buildPhases = (
				BDB8B4C42A055FEA00EA4670 /* Sources */,
				BDB8B4C52A055FEA00EA4670 /* Frameworks */,
				BDB8B4C62A055FEA00EA4670 /* Resources */,
			);
			buildRules = (
			);
			dependencies = (
			);
			name = SimpleChat;
			productName = SimpleChat;
			productReference = BDB8B4C82A055FEA00EA4670 /* SimpleChat.app */;
			productType = "com.apple.product-type.application";
		};
/* End PBXNativeTarget section */

/* Begin PBXProject section */
		BDB8B4C02A055FEA00EA4670 /* Project object */ = {
			isa = PBXProject;
			attributes = {
				BuildIndependentTargetsInParallel = 1;
				LastSwiftUpdateCheck = 1420;
				LastUpgradeCheck = 1420;
				TargetAttributes = {
					BDB8B4C72A055FEA00EA4670 = {
						CreatedOnToolsVersion = 14.2;
					};
				};
			};
			buildConfigurationList = BDB8B4C32A055FEA00EA4670 /* Build configuration list for PBXProject "SimpleChat" */;
			compatibilityVersion = "Xcode 14.0";
			developmentRegion = en;
			hasScannedForEncodings = 0;
			knownRegions = (
				en,
				Base,
			);
			mainGroup = BDB8B4BF2A055FEA00EA4670;
			productRefGroup = BDB8B4C92A055FEA00EA4670 /* Products */;
			projectDirPath = "";
			projectRoot = "";
			targets = (
				BDB8B4C72A055FEA00EA4670 /* SimpleChat */,
			);
		};
/* End PBXProject section */

/* Begin PBXResourcesBuildPhase section */
		BDB8B4C62A055FEA00EA4670 /* Resources */ = {
			isa = PBXResourcesBuildPhase;
			buildActionMask = 2147483647;
			files = (
				BDB8B4D32A055FEB00EA4670 /* Preview Assets.xcassets in Resources */,
				BDB8B4D02A055FEB00EA4670 /* Assets.xcassets in Resources */,
			);
			runOnlyForDeploymentPostprocessing = 0;
		};
/* End PBXResourcesBuildPhase section */

/* Begin PBXSourcesBuildPhase section */
		BDB8B4C42A055FEA00EA4670 /* Sources */ = {
			isa = PBXSourcesBuildPhase;
			buildActionMask = 2147483647;
			files = (
				BD1B82632A05F427009D4FDD /* SignInView.swift in Sources */,
				BD1B82782A064FE7009D4FDD /* Requests.swift in Sources */,
				BD1B82872A065339009D4FDD /* SignUpManager.swift in Sources */,
				BD04ECE12A074E46007A207A /* SignInManager.swift in Sources */,
				BDB8B4CC2A055FEA00EA4670 /* SimpleChatApp.swift in Sources */,
				BD1B82762A0647D2009D4FDD /* ResetPasswordView.swift in Sources */,
				BD1B828B2A065FFA009D4FDD /* Responses.swift in Sources */,
				BD1B82892A0656E9009D4FDD /* Authenticator.swift in Sources */,
				BD1B82702A0644FD009D4FDD /* ViewExtension.swift in Sources */,
				BD1B82692A0605CB009D4FDD /* ColorExtension.swift in Sources */,
				BD1B82722A0645D0009D4FDD /* SubmitButton.swift in Sources */,
				BD1B826B2A061609009D4FDD /* SignUpView.swift in Sources */,
				BD1B826D2A063C71009D4FDD /* InputField.swift in Sources */,
				BD1B827C2A0650B3009D4FDD /* User.swift in Sources */,
			);
			runOnlyForDeploymentPostprocessing = 0;
		};
/* End PBXSourcesBuildPhase section */

/* Begin XCBuildConfiguration section */
		BDB8B4D42A055FEB00EA4670 /* Debug */ = {
			isa = XCBuildConfiguration;
			buildSettings = {
				ALWAYS_SEARCH_USER_PATHS = NO;
				CLANG_ANALYZER_NONNULL = YES;
				CLANG_ANALYZER_NUMBER_OBJECT_CONVERSION = YES_AGGRESSIVE;
				CLANG_CXX_LANGUAGE_STANDARD = "gnu++20";
				CLANG_ENABLE_MODULES = YES;
				CLANG_ENABLE_OBJC_ARC = YES;
				CLANG_ENABLE_OBJC_WEAK = YES;
				CLANG_WARN_BLOCK_CAPTURE_AUTORELEASING = YES;
				CLANG_WARN_BOOL_CONVERSION = YES;
				CLANG_WARN_COMMA = YES;
				CLANG_WARN_CONSTANT_CONVERSION = YES;
				CLANG_WARN_DEPRECATED_OBJC_IMPLEMENTATIONS = YES;
				CLANG_WARN_DIRECT_OBJC_ISA_USAGE = YES_ERROR;
				CLANG_WARN_DOCUMENTATION_COMMENTS = YES;
				CLANG_WARN_EMPTY_BODY = YES;
				CLANG_WARN_ENUM_CONVERSION = YES;
				CLANG_WARN_INFINITE_RECURSION = YES;
				CLANG_WARN_INT_CONVERSION = YES;
				CLANG_WARN_NON_LITERAL_NULL_CONVERSION = YES;
				CLANG_WARN_OBJC_IMPLICIT_RETAIN_SELF = YES;
				CLANG_WARN_OBJC_LITERAL_CONVERSION = YES;
				CLANG_WARN_OBJC_ROOT_CLASS = YES_ERROR;
				CLANG_WARN_QUOTED_INCLUDE_IN_FRAMEWORK_HEADER = YES;
				CLANG_WARN_RANGE_LOOP_ANALYSIS = YES;
				CLANG_WARN_STRICT_PROTOTYPES = YES;
				CLANG_WARN_SUSPICIOUS_MOVE = YES;
				CLANG_WARN_UNGUARDED_AVAILABILITY = YES_AGGRESSIVE;
				CLANG_WARN_UNREACHABLE_CODE = YES;
				CLANG_WARN__DUPLICATE_METHOD_MATCH = YES;
				COPY_PHASE_STRIP = NO;
				DEBUG_INFORMATION_FORMAT = dwarf;
				ENABLE_STRICT_OBJC_MSGSEND = YES;
				ENABLE_TESTABILITY = YES;
				GCC_C_LANGUAGE_STANDARD = gnu11;
				GCC_DYNAMIC_NO_PIC = NO;
				GCC_NO_COMMON_BLOCKS = YES;
				GCC_OPTIMIZATION_LEVEL = 0;
				GCC_PREPROCESSOR_DEFINITIONS = (
					"DEBUG=1",
					"$(inherited)",
				);
				GCC_WARN_64_TO_32_BIT_CONVERSION = YES;
				GCC_WARN_ABOUT_RETURN_TYPE = YES_ERROR;
				GCC_WARN_UNDECLARED_SELECTOR = YES;
				GCC_WARN_UNINITIALIZED_AUTOS = YES_AGGRESSIVE;
				GCC_WARN_UNUSED_FUNCTION = YES;
				GCC_WARN_UNUSED_VARIABLE = YES;
				IPHONEOS_DEPLOYMENT_TARGET = 16.2;
				MTL_ENABLE_DEBUG_INFO = INCLUDE_SOURCE;
				MTL_FAST_MATH = YES;
				ONLY_ACTIVE_ARCH = YES;
				SDKROOT = iphoneos;
				SWIFT_ACTIVE_COMPILATION_CONDITIONS = DEBUG;
				SWIFT_OPTIMIZATION_LEVEL = "-Onone";
			};
			name = Debug;
		};
		BDB8B4D52A055FEB00EA4670 /* Release */ = {
			isa = XCBuildConfiguration;
			buildSettings = {
				ALWAYS_SEARCH_USER_PATHS = NO;
				CLANG_ANALYZER_NONNULL = YES;
				CLANG_ANALYZER_NUMBER_OBJECT_CONVERSION = YES_AGGRESSIVE;
				CLANG_CXX_LANGUAGE_STANDARD = "gnu++20";
				CLANG_ENABLE_MODULES = YES;
				CLANG_ENABLE_OBJC_ARC = YES;
				CLANG_ENABLE_OBJC_WEAK = YES;
				CLANG_WARN_BLOCK_CAPTURE_AUTORELEASING = YES;
				CLANG_WARN_BOOL_CONVERSION = YES;
				CLANG_WARN_COMMA = YES;
				CLANG_WARN_CONSTANT_CONVERSION = YES;
				CLANG_WARN_DEPRECATED_OBJC_IMPLEMENTATIONS = YES;
				CLANG_WARN_DIRECT_OBJC_ISA_USAGE = YES_ERROR;
				CLANG_WARN_DOCUMENTATION_COMMENTS = YES;
				CLANG_WARN_EMPTY_BODY = YES;
				CLANG_WARN_ENUM_CONVERSION = YES;
				CLANG_WARN_INFINITE_RECURSION = YES;
				CLANG_WARN_INT_CONVERSION = YES;
				CLANG_WARN_NON_LITERAL_NULL_CONVERSION = YES;
				CLANG_WARN_OBJC_IMPLICIT_RETAIN_SELF = YES;
				CLANG_WARN_OBJC_LITERAL_CONVERSION = YES;
				CLANG_WARN_OBJC_ROOT_CLASS = YES_ERROR;
				CLANG_WARN_QUOTED_INCLUDE_IN_FRAMEWORK_HEADER = YES;
				CLANG_WARN_RANGE_LOOP_ANALYSIS = YES;
				CLANG_WARN_STRICT_PROTOTYPES = YES;
				CLANG_WARN_SUSPICIOUS_MOVE = YES;
				CLANG_WARN_UNGUARDED_AVAILABILITY = YES_AGGRESSIVE;
				CLANG_WARN_UNREACHABLE_CODE = YES;
				CLANG_WARN__DUPLICATE_METHOD_MATCH = YES;
				COPY_PHASE_STRIP = NO;
				DEBUG_INFORMATION_FORMAT = "dwarf-with-dsym";
				ENABLE_NS_ASSERTIONS = NO;
				ENABLE_STRICT_OBJC_MSGSEND = YES;
				GCC_C_LANGUAGE_STANDARD = gnu11;
				GCC_NO_COMMON_BLOCKS = YES;
				GCC_WARN_64_TO_32_BIT_CONVERSION = YES;
				GCC_WARN_ABOUT_RETURN_TYPE = YES_ERROR;
				GCC_WARN_UNDECLARED_SELECTOR = YES;
				GCC_WARN_UNINITIALIZED_AUTOS = YES_AGGRESSIVE;
				GCC_WARN_UNUSED_FUNCTION = YES;
				GCC_WARN_UNUSED_VARIABLE = YES;
				IPHONEOS_DEPLOYMENT_TARGET = 16.2;
				MTL_ENABLE_DEBUG_INFO = NO;
				MTL_FAST_MATH = YES;
				SDKROOT = iphoneos;
				SWIFT_COMPILATION_MODE = wholemodule;
				SWIFT_OPTIMIZATION_LEVEL = "-O";
				VALIDATE_PRODUCT = YES;
			};
			name = Release;
		};
		BDB8B4D72A055FEB00EA4670 /* Debug */ = {
			isa = XCBuildConfiguration;
			buildSettings = {
				ASSETCATALOG_COMPILER_APPICON_NAME = AppIcon;
				ASSETCATALOG_COMPILER_GLOBAL_ACCENT_COLOR_NAME = AccentColor;
				CODE_SIGN_STYLE = Automatic;
				CURRENT_PROJECT_VERSION = 1;
				DEVELOPMENT_ASSET_PATHS = "\"SimpleChat/Preview Content\"";
				ENABLE_PREVIEWS = YES;
				GENERATE_INFOPLIST_FILE = YES;
				INFOPLIST_KEY_UIApplicationSceneManifest_Generation = YES;
				INFOPLIST_KEY_UIApplicationSupportsIndirectInputEvents = YES;
				INFOPLIST_KEY_UILaunchScreen_Generation = YES;
				INFOPLIST_KEY_UISupportedInterfaceOrientations_iPad = "UIInterfaceOrientationPortrait UIInterfaceOrientationPortraitUpsideDown UIInterfaceOrientationLandscapeLeft UIInterfaceOrientationLandscapeRight";
				INFOPLIST_KEY_UISupportedInterfaceOrientations_iPhone = "UIInterfaceOrientationPortrait UIInterfaceOrientationLandscapeLeft UIInterfaceOrientationLandscapeRight";
				LD_RUNPATH_SEARCH_PATHS = (
					"$(inherited)",
					"@executable_path/Frameworks",
				);
				MARKETING_VERSION = 1.0;
				PRODUCT_BUNDLE_IDENTIFIER = com.seungwoo.SimpleChat;
				PRODUCT_NAME = "$(TARGET_NAME)";
				SWIFT_EMIT_LOC_STRINGS = YES;
				SWIFT_VERSION = 5.0;
				TARGETED_DEVICE_FAMILY = "1,2";
			};
			name = Debug;
		};
		BDB8B4D82A055FEB00EA4670 /* Release */ = {
			isa = XCBuildConfiguration;
			buildSettings = {
				ASSETCATALOG_COMPILER_APPICON_NAME = AppIcon;
				ASSETCATALOG_COMPILER_GLOBAL_ACCENT_COLOR_NAME = AccentColor;
				CODE_SIGN_STYLE = Automatic;
				CURRENT_PROJECT_VERSION = 1;
				DEVELOPMENT_ASSET_PATHS = "\"SimpleChat/Preview Content\"";
				ENABLE_PREVIEWS = YES;
				GENERATE_INFOPLIST_FILE = YES;
				INFOPLIST_KEY_UIApplicationSceneManifest_Generation = YES;
				INFOPLIST_KEY_UIApplicationSupportsIndirectInputEvents = YES;
				INFOPLIST_KEY_UILaunchScreen_Generation = YES;
				INFOPLIST_KEY_UISupportedInterfaceOrientations_iPad = "UIInterfaceOrientationPortrait UIInterfaceOrientationPortraitUpsideDown UIInterfaceOrientationLandscapeLeft UIInterfaceOrientationLandscapeRight";
				INFOPLIST_KEY_UISupportedInterfaceOrientations_iPhone = "UIInterfaceOrientationPortrait UIInterfaceOrientationLandscapeLeft UIInterfaceOrientationLandscapeRight";
				LD_RUNPATH_SEARCH_PATHS = (
					"$(inherited)",
					"@executable_path/Frameworks",
				);
				MARKETING_VERSION = 1.0;
				PRODUCT_BUNDLE_IDENTIFIER = com.seungwoo.SimpleChat;
				PRODUCT_NAME = "$(TARGET_NAME)";
				SWIFT_EMIT_LOC_STRINGS = YES;
				SWIFT_VERSION = 5.0;
				TARGETED_DEVICE_FAMILY = "1,2";
			};
			name = Release;
		};
/* End XCBuildConfiguration section */

/* Begin XCConfigurationList section */
		BDB8B4C32A055FEA00EA4670 /* Build configuration list for PBXProject "SimpleChat" */ = {
			isa = XCConfigurationList;
			buildConfigurations = (
				BDB8B4D42A055FEB00EA4670 /* Debug */,
				BDB8B4D52A055FEB00EA4670 /* Release */,
			);
			defaultConfigurationIsVisible = 0;
			defaultConfigurationName = Release;
		};
		BDB8B4D62A055FEB00EA4670 /* Build configuration list for PBXNativeTarget "SimpleChat" */ = {
			isa = XCConfigurationList;
			buildConfigurations = (
				BDB8B4D72A055FEB00EA4670 /* Debug */,
				BDB8B4D82A055FEB00EA4670 /* Release */,
			);
			defaultConfigurationIsVisible = 0;
			defaultConfigurationName = Release;
		};
/* End XCConfigurationList section */
	};
	rootObject = BDB8B4C02A055FEA00EA4670 /* Project object */;
}
